
Microsoft Visual Studio Solution File, Format Version 12.00
# Visual Studio Version 17
VisualStudioVersion = 17.10.35013.160
MinimumVisualStudioVersion = 10.0.40219.1
Project("{FAE04EC0-301F-11D3-BF4B-00C04F79EFBC}") = "PetRemindersService.Api", "PetRemindersService\PetRemindersService.Api.csproj", "{618EDB3A-8904-443A-9656-39FA30D2550E}"
EndProject
Project("{FAE04EC0-301F-11D3-BF4B-00C04F79EFBC}") = "PetReminders.Core", "PetReminders.Core\PetReminders.Core.csproj", "{302F565D-D763-4DE7-8C1E-AFF620802C5A}"
EndProject
Project("{FAE04EC0-301F-11D3-BF4B-00C04F79EFBC}") = "PetReminders.Data", "PetReminders.Data\PetReminders.Data.csproj", "{E9909798-ECB2-4416-9C6B-B9911D572B94}"
EndProject
Project("{FAE04EC0-301F-11D3-BF4B-00C04F79EFBC}") = "PetReminders.Tests", "PetReminders.Tests\PetReminders.Tests.csproj", "{F39684D5-A318-42D2-9EB8-3E9E392EE2F8}"
EndProject
Global
	GlobalSection(SolutionConfigurationPlatforms) = preSolution
		Debug|Any CPU = Debug|Any CPU
		Release|Any CPU = Release|Any CPU
	EndGlobalSection
	GlobalSection(ProjectConfigurationPlatforms) = postSolution
		{618EDB3A-8904-443A-9656-39FA30D2550E}.Debug|Any CPU.ActiveCfg = Debug|Any CPU
		{618EDB3A-8904-443A-9656-39FA30D2550E}.Debug|Any CPU.Build.0 = Debug|Any CPU
		{618EDB3A-8904-443A-9656-39FA30D2550E}.Release|Any CPU.ActiveCfg = Release|Any CPU
		{618EDB3A-8904-443A-9656-39FA30D2550E}.Release|Any CPU.Build.0 = Release|Any CPU
		{302F565D-D763-4DE7-8C1E-AFF620802C5A}.Debug|Any CPU.ActiveCfg = Debug|Any CPU
		{302F565D-D763-4DE7-8C1E-AFF620802C5A}.Debug|Any CPU.Build.0 = Debug|Any CPU
		{302F565D-D763-4DE7-8C1E-AFF620802C5A}.Release|Any CPU.ActiveCfg = Release|Any CPU
		{302F565D-D763-4DE7-8C1E-AFF620802C5A}.Release|Any CPU.Build.0 = Release|Any CPU
		{E9909798-ECB2-4416-9C6B-B9911D572B94}.Debug|Any CPU.ActiveCfg = Debug|Any CPU
		{E9909798-ECB2-4416-9C6B-B9911D572B94}.Debug|Any CPU.Build.0 = Debug|Any CPU
		{E9909798-ECB2-4416-9C6B-B9911D572B94}.Release|Any CPU.ActiveCfg = Release|Any CPU
		{E9909798-ECB2-4416-9C6B-B9911D572B94}.Release|Any CPU.Build.0 = Release|Any CPU
		{F39684D5-A318-42D2-9EB8-3E9E392EE2F8}.Debug|Any CPU.ActiveCfg = Debug|Any CPU
		{F39684D5-A318-42D2-9EB8-3E9E392EE2F8}.Debug|Any CPU.Build.0 = Debug|Any CPU
		{F39684D5-A318-42D2-9EB8-3E9E392EE2F8}.Release|Any CPU.ActiveCfg = Release|Any CPU
		{F39684D5-A318-42D2-9EB8-3E9E392EE2F8}.Release|Any CPU.Build.0 = Release|Any CPU
	EndGlobalSection
	GlobalSection(SolutionProperties) = preSolution
		HideSolutionNode = FALSE
	EndGlobalSection
	GlobalSection(ExtensibilityGlobals) = postSolution
		SolutionGuid = {06897324-1089-40F9-A148-7DDC6C43D432}
	EndGlobalSection
EndGlobal
